
Microsoft Visual Studio Solution File, Format Version 12.00
# Visual Studio Version 17
VisualStudioVersion = 17.13.35919.96 d17.13
MinimumVisualStudioVersion = 10.0.40219.1
Project("{FAE04EC0-301F-11D3-BF4B-00C04F79EFBC}") = "Zork", "Zork\Zork.csproj", "{C8A30056-2F4B-4092-BBD3-DD9D6CB82960}"
EndProject
Global
	GlobalSection(SolutionConfigurationPlatforms) = preSolution
		Debug|Any CPU = Debug|Any CPU
		Release|Any CPU = Release|Any CPU
	EndGlobalSection
	GlobalSection(ProjectConfigurationPlatforms) = postSolution
		{C8A30056-2F4B-4092-BBD3-DD9D6CB82960}.Debug|Any CPU.ActiveCfg = Debug|Any CPU
		{C8A30056-2F4B-4092-BBD3-DD9D6CB82960}.Debug|Any CPU.Build.0 = Debug|Any CPU
		{C8A30056-2F4B-4092-BBD3-DD9D6CB82960}.Release|Any CPU.ActiveCfg = Release|Any CPU
		{C8A30056-2F4B-4092-BBD3-DD9D6CB82960}.Release|Any CPU.Build.0 = Release|Any CPU
	EndGlobalSection
	GlobalSection(SolutionProperties) = preSolution
		HideSolutionNode = FALSE
	EndGlobalSection
	GlobalSection(ExtensibilityGlobals) = postSolution
		SolutionGuid = {48FC2675-6D16-4084-9DE6-3880B488B59B}
	EndGlobalSection
EndGlobal
